
Microsoft Visual Studio Solution File, Format Version 12.00
# Visual Studio 15
VisualStudioVersion = 15.0.28307.1145
MinimumVisualStudioVersion = 10.0.40219.1
Project("{FAE04EC0-301F-11D3-BF4B-00C04F79EFBC}") = "t9keyboard", "t9keyboard\t9keyboard.csproj", "{8BBEE31C-5E58-4908-A43D-2F7EA5C3FC4A}"
EndProject
Global
	GlobalSection(SolutionConfigurationPlatforms) = preSolution
		Debug|Any CPU = Debug|Any CPU
		Release|Any CPU = Release|Any CPU
	EndGlobalSection
	GlobalSection(ProjectConfigurationPlatforms) = postSolution
		{8BBEE31C-5E58-4908-A43D-2F7EA5C3FC4A}.Debug|Any CPU.ActiveCfg = Debug|Any CPU
		{8BBEE31C-5E58-4908-A43D-2F7EA5C3FC4A}.Debug|Any CPU.Build.0 = Debug|Any CPU
		{8BBEE31C-5E58-4908-A43D-2F7EA5C3FC4A}.Release|Any CPU.ActiveCfg = Release|Any CPU
		{8BBEE31C-5E58-4908-A43D-2F7EA5C3FC4A}.Release|Any CPU.Build.0 = Release|Any CPU
	EndGlobalSection
	GlobalSection(SolutionProperties) = preSolution
		HideSolutionNode = FALSE
	EndGlobalSection
	GlobalSection(ExtensibilityGlobals) = postSolution
		SolutionGuid = {65366D46-2785-4034-B97B-D49370CCF6F6}
	EndGlobalSection
EndGlobal
