
Microsoft Visual Studio Solution File, Format Version 12.00
# Visual Studio 15
VisualStudioVersion = 15.0.28307.1145
MinimumVisualStudioVersion = 10.0.40219.1
Project("{FAE04EC0-301F-11D3-BF4B-00C04F79EFBC}") = "t9configui", "t9configui\t9configui.csproj", "{6B103104-3099-46E0-8DED-0C2EBC8753EF}"
EndProject
Global
	GlobalSection(SolutionConfigurationPlatforms) = preSolution
		Debug|Any CPU = Debug|Any CPU
		Release|Any CPU = Release|Any CPU
	EndGlobalSection
	GlobalSection(ProjectConfigurationPlatforms) = postSolution
		{6B103104-3099-46E0-8DED-0C2EBC8753EF}.Debug|Any CPU.ActiveCfg = Debug|Any CPU
		{6B103104-3099-46E0-8DED-0C2EBC8753EF}.Debug|Any CPU.Build.0 = Debug|Any CPU
		{6B103104-3099-46E0-8DED-0C2EBC8753EF}.Release|Any CPU.ActiveCfg = Release|Any CPU
		{6B103104-3099-46E0-8DED-0C2EBC8753EF}.Release|Any CPU.Build.0 = Release|Any CPU
	EndGlobalSection
	GlobalSection(SolutionProperties) = preSolution
		HideSolutionNode = FALSE
	EndGlobalSection
	GlobalSection(ExtensibilityGlobals) = postSolution
		SolutionGuid = {3DA7CB9E-1B17-4A38-9924-8D9A419ED3E1}
	EndGlobalSection
EndGlobal
